
Microsoft Visual Studio Solution File, Format Version 12.00
# Visual Studio Version 17
VisualStudioVersion = 17.9.34728.123
MinimumVisualStudioVersion = 10.0.40219.1
Project("{2150E333-8FDC-42A3-9474-1A3956D46DE8}") = "src", "src", "{38B3E22C-2659-4D76-991A-32193BF33F48}"
EndProject
Project("{9A19103F-16F7-4668-BE54-9A1E7A4F7556}") = "Cecs475.Web8.BooksDemo", "src\Cecs475.Web8.BooksDemo\Cecs475.Web8.BooksDemo.csproj", "{BA50FED8-0C39-4EAA-A1BF-F1A7279B5AE1}"
EndProject
Global
	GlobalSection(SolutionConfigurationPlatforms) = preSolution
		Debug|Any CPU = Debug|Any CPU
		Release|Any CPU = Release|Any CPU
	EndGlobalSection
	GlobalSection(ProjectConfigurationPlatforms) = postSolution
		{BA50FED8-0C39-4EAA-A1BF-F1A7279B5AE1}.Debug|Any CPU.ActiveCfg = Debug|Any CPU
		{BA50FED8-0C39-4EAA-A1BF-F1A7279B5AE1}.Debug|Any CPU.Build.0 = Debug|Any CPU
		{BA50FED8-0C39-4EAA-A1BF-F1A7279B5AE1}.Release|Any CPU.ActiveCfg = Release|Any CPU
		{BA50FED8-0C39-4EAA-A1BF-F1A7279B5AE1}.Release|Any CPU.Build.0 = Release|Any CPU
	EndGlobalSection
	GlobalSection(SolutionProperties) = preSolution
		HideSolutionNode = FALSE
	EndGlobalSection
	GlobalSection(NestedProjects) = preSolution
		{BA50FED8-0C39-4EAA-A1BF-F1A7279B5AE1} = {38B3E22C-2659-4D76-991A-32193BF33F48}
	EndGlobalSection
EndGlobal
