
Microsoft Visual Studio Solution File, Format Version 12.00
# Visual Studio Version 17
VisualStudioVersion = 17.10.35122.118
MinimumVisualStudioVersion = 10.0.40219.1
Project("{2150E333-8FDC-42A3-9474-1A3956D46DE8}") = "src", "src", "{4EDA7E97-852B-4023-B198-01273CA364FB}"
EndProject
Project("{9A19103F-16F7-4668-BE54-9A1E7A4F7556}") = "Cecs475.Othello.AvaloniaApp", "src\Cecs475.Othello.Application\Cecs475.Othello.AvaloniaApp.csproj", "{B4ED4C74-81BF-48E1-A7A8-9982EA025225}"
EndProject
Project("{9A19103F-16F7-4668-BE54-9A1E7A4F7556}") = "Cecs475.Othello.Model", "src\Cecs475.Othello.Model\Cecs475.Othello.Model.csproj", "{4823B1AC-A941-44C9-9444-D95777AFF47C}"
EndProject
Global
	GlobalSection(SolutionConfigurationPlatforms) = preSolution
		Debug|Any CPU = Debug|Any CPU
		Release|Any CPU = Release|Any CPU
	EndGlobalSection
	GlobalSection(ProjectConfigurationPlatforms) = postSolution
		{B4ED4C74-81BF-48E1-A7A8-9982EA025225}.Debug|Any CPU.ActiveCfg = Debug|Any CPU
		{B4ED4C74-81BF-48E1-A7A8-9982EA025225}.Debug|Any CPU.Build.0 = Debug|Any CPU
		{B4ED4C74-81BF-48E1-A7A8-9982EA025225}.Release|Any CPU.ActiveCfg = Release|Any CPU
		{B4ED4C74-81BF-48E1-A7A8-9982EA025225}.Release|Any CPU.Build.0 = Release|Any CPU
		{4823B1AC-A941-44C9-9444-D95777AFF47C}.Debug|Any CPU.ActiveCfg = Debug|Any CPU
		{4823B1AC-A941-44C9-9444-D95777AFF47C}.Debug|Any CPU.Build.0 = Debug|Any CPU
		{4823B1AC-A941-44C9-9444-D95777AFF47C}.Release|Any CPU.ActiveCfg = Release|Any CPU
		{4823B1AC-A941-44C9-9444-D95777AFF47C}.Release|Any CPU.Build.0 = Release|Any CPU
	EndGlobalSection
	GlobalSection(SolutionProperties) = preSolution
		HideSolutionNode = FALSE
	EndGlobalSection
	GlobalSection(NestedProjects) = preSolution
		{B4ED4C74-81BF-48E1-A7A8-9982EA025225} = {4EDA7E97-852B-4023-B198-01273CA364FB}
		{4823B1AC-A941-44C9-9444-D95777AFF47C} = {4EDA7E97-852B-4023-B198-01273CA364FB}
	EndGlobalSection
	GlobalSection(ExtensibilityGlobals) = postSolution
		SolutionGuid = {71665CF4-3458-47C6-A324-82E3280A2A61}
	EndGlobalSection
EndGlobal
